{
  "name": "miniprogram",
  "version": "1.0.0",
  "lockfileVersion": 3,
  "requires": true,
  "packages": {
    "": {
      "dependencies": {
        "@vant/weapp": "^1.11.7",
        "tdesign-miniprogram": "^1.7.0",
        "westore": "^0.1.12",
        "wxapp-router": "^0.1.12"
      }
    },
    "node_modules/@jerryc/mini-logger": {
      "version": "0.0.4",
      "resolved": "https://registry.npmjs.org/@jerryc/mini-logger/-/mini-logger-0.0.4.tgz",
      "integrity": "sha512-Gyl7hMsZJZJPV9FTZ1h1yl+hO/j4FGOoHI0/2SzuXebCG+qu5CtdwU1QKQ394iTUB+/RnSbESVBiydyJnq1yrQ==",
      "license": "MIT",
      "engines": {
        "node": ">=10"
      }
    },
    "node_modules/@types/wechat-miniprogram": {
      "version": "3.4.8",
      "resolved": "https://registry.npmjs.org/@types/wechat-miniprogram/-/wechat-miniprogram-3.4.8.tgz",
      "integrity": "sha512-lOqddA707X3SZxVhlZNBZPzYzj7lG/ED2fF30k+aE2oT6R4wfw0Wiup2k2hGrmzYUFyJXfGs01sDCuJMhQMAdg==",
      "license": "MIT"
    },
    "node_modules/@vant/weapp": {
      "version": "1.11.7",
      "resolved": "https://registry.npmjs.org/@vant/weapp/-/weapp-1.11.7.tgz",
      "integrity": "sha512-Rwn9BBnb4kHSV4XmvBicwtd42J+amEUfnFDcXJsGNPNX4a9c/DoT6YLsm4X1wB2+sQbdiQsbFBLAvGRBxCkD8g==",
      "license": "MIT"
    },
    "node_modules/dayjs": {
      "version": "1.11.13",
      "resolved": "https://registry.npmjs.org/dayjs/-/dayjs-1.11.13.tgz",
      "integrity": "sha512-oaMBel6gjolK862uaPQOVTA7q3TZhuSvuMQAAglQDOWYO9A91IrAOUJEyKVlqJlHE0vq5p5UXxzdPfMH/x6xNg==",
      "license": "MIT"
    },
    "node_modules/path-to-regexp": {
      "version": "6.3.0",
      "resolved": "https://registry.npmjs.org/path-to-regexp/-/path-to-regexp-6.3.0.tgz",
      "integrity": "sha512-Yhpw4T9C6hPpgPeA28us07OJeqZ5EzQTkbfwuhsUg0c237RomFoETJgmp2sa3F/41gfLE6G5cqcYwznmeEeOlQ==",
      "license": "MIT"
    },
    "node_modules/rfdc": {
      "version": "1.4.1",
      "resolved": "https://registry.npmjs.org/rfdc/-/rfdc-1.4.1.tgz",
      "integrity": "sha512-q1b3N5QkRUWUl7iyylaaj3kOpIT0N2i9MqIEQXP73GVsN9cw3fdx8X63cEmWhJGi2PPCF23Ijp7ktmd39rawIA==",
      "license": "MIT"
    },
    "node_modules/tdesign-miniprogram": {
      "version": "1.7.0",
      "resolved": "https://registry.npmjs.org/tdesign-miniprogram/-/tdesign-miniprogram-1.7.0.tgz",
      "integrity": "sha512-aiGUzKJ6HvNjcwo0yLNjIum2URy87Xdrpr7VAvBO6Oe0SfSdWJMlAj3rEzjxlQFUnhlKMlkDZMtSklHTIOhz6w==",
      "license": "MIT",
      "dependencies": {
        "dayjs": "^1.10.7",
        "tinycolor2": "^1.4.2"
      }
    },
    "node_modules/tinycolor2": {
      "version": "1.6.0",
      "resolved": "https://registry.npmjs.org/tinycolor2/-/tinycolor2-1.6.0.tgz",
      "integrity": "sha512-XPaBkWQJdsf3pLKJV9p4qN/S+fm2Oj8AIPo1BTUhg5oxkvm9+SVEGFdhyOz7tTdUTfvxMiAs4sp6/eZO2Ew+pw==",
      "license": "MIT"
    },
    "node_modules/westore": {
      "version": "0.1.12",
      "resolved": "https://registry.npmjs.org/westore/-/westore-0.1.12.tgz",
      "integrity": "sha512-DHtc8vBFarztR+/OCxlmRpztDZiLrz42ugyFAf5YGH4mZNswTU5ULU85yFXXc8w/L9kqktjLvOLud7ny8z1Zfw==",
      "license": "MIT",
      "dependencies": {
        "rfdc": "^1.3.0"
      }
    },
    "node_modules/wxapp-router": {
      "version": "0.1.12",
      "resolved": "https://registry.npmjs.org/wxapp-router/-/wxapp-router-0.1.12.tgz",
      "integrity": "sha512-w3TDGadH661pFE5XqXngsA2/0QLOVH1l4AeAN7K4/Ri5p8DDJSZPaU/21zQeunmEqwdZbxuEQc3eNaiFlod11A==",
      "license": "MIT",
      "dependencies": {
        "@jerryc/mini-logger": "^0.0.4",
        "@types/wechat-miniprogram": "^3.2.0",
        "path-to-regexp": "^6.2.0"
      },
      "engines": {
        "node": ">=10"
      }
    }
  }
}
